// !$*UTF8*$!
{
	archiveVersion = 1;
	classes = {
	};
	objectVersion = 56;
	objects = {

/* Begin PBXBuildFile section */
		2F016E422C3D17F900D55038 /* App.swift in Sources */ = {isa = PBXBuildFile; fileRef = 2F016E412C3D17F900D55038 /* App.swift */; };
		2F016E442C3D17F900D55038 /* ProfileView.swift in Sources */ = {isa = PBXBuildFile; fileRef = 2F016E432C3D17F900D55038 /* ProfileView.swift */; };
		2F016E462C3D17FA00D55038 /* Assets.xcassets in Resources */ = {isa = PBXBuildFile; fileRef = 2F016E452C3D17FA00D55038 /* Assets.xcassets */; };
		2F016E492C3D17FA00D55038 /* Preview Assets.xcassets in Resources */ = {isa = PBXBuildFile; fileRef = 2F016E482C3D17FA00D55038 /* Preview Assets.xcassets */; };
		2F016E4E2C3D17FA00D55038 /* vitalz_new.xcdatamodeld in Sources */ = {isa = PBXBuildFile; fileRef = 2F016E4C2C3D17FA00D55038 /* vitalz_new.xcdatamodeld */; };
		2F016E7B2C3D19FC00D55038 /* SDWebImageSwiftUI in Frameworks */ = {isa = PBXBuildFile; productRef = 2F016E7A2C3D19FC00D55038 /* SDWebImageSwiftUI */; };
		2F016E7D2C3D27A200D55038 /* AuthView.swift in Sources */ = {isa = PBXBuildFile; fileRef = 2F016E7C2C3D27A200D55038 /* AuthView.swift */; };
		2F016E7F2C3D280300D55038 /* GoogleService-Info.plist in Resources */ = {isa = PBXBuildFile; fileRef = 2F016E7E2C3D280300D55038 /* GoogleService-Info.plist */; };
		2F016E822C3D295800D55038 /* FirebaseAuth in Frameworks */ = {isa = PBXBuildFile; productRef = 2F016E812C3D295800D55038 /* FirebaseAuth */; };
		2F016E842C3D295800D55038 /* FirebaseFirestore in Frameworks */ = {isa = PBXBuildFile; productRef = 2F016E832C3D295800D55038 /* FirebaseFirestore */; };
		2F016E862C3D295800D55038 /* FirebaseFunctions in Frameworks */ = {isa = PBXBuildFile; productRef = 2F016E852C3D295800D55038 /* FirebaseFunctions */; };
		2F016E882C3D295800D55038 /* FirebaseInAppMessaging-Beta in Frameworks */ = {isa = PBXBuildFile; productRef = 2F016E872C3D295800D55038 /* FirebaseInAppMessaging-Beta */; };
		2F016E8A2C3D295800D55038 /* FirebaseMessaging in Frameworks */ = {isa = PBXBuildFile; productRef = 2F016E892C3D295800D55038 /* FirebaseMessaging */; };
		2F016E8C2C3D295800D55038 /* FirebaseStorage in Frameworks */ = {isa = PBXBuildFile; productRef = 2F016E8B2C3D295800D55038 /* FirebaseStorage */; };
		2F016E8E2C3D353B00D55038 /* FeedView.swift in Sources */ = {isa = PBXBuildFile; fileRef = 2F016E8D2C3D353B00D55038 /* FeedView.swift */; };
		2F8BCD872C3DA59C004177B5 /* VTabView in Frameworks */ = {isa = PBXBuildFile; productRef = 2F8BCD862C3DA59C004177B5 /* VTabView */; };
		2F8BCD892C3DA9BC004177B5 /* EmojiScroll.swift in Sources */ = {isa = PBXBuildFile; fileRef = 2F8BCD882C3DA9BC004177B5 /* EmojiScroll.swift */; };
		2F8BCD8B2C3DA9F0004177B5 /* HapticFeedbackGenerator.swift in Sources */ = {isa = PBXBuildFile; fileRef = 2F8BCD8A2C3DA9F0004177B5 /* HapticFeedbackGenerator.swift */; };
		2F8BCD8D2C3FCF93004177B5 /* AppColors.swift in Sources */ = {isa = PBXBuildFile; fileRef = 2F8BCD8C2C3FCF93004177B5 /* AppColors.swift */; };
		2F8BCD902C3FD14B004177B5 /* ProfileViewModel.swift in Sources */ = {isa = PBXBuildFile; fileRef = 2F8BCD8F2C3FD14B004177B5 /* ProfileViewModel.swift */; };
		2F8BCD942C3FE16B004177B5 /* AuthViewModel.swift in Sources */ = {isa = PBXBuildFile; fileRef = 2F8BCD932C3FE16B004177B5 /* AuthViewModel.swift */; };
		2F8BCD982C3FE210004177B5 /* FriendsViewModel.swift in Sources */ = {isa = PBXBuildFile; fileRef = 2F8BCD972C3FE210004177B5 /* FriendsViewModel.swift */; };
		2F8BCD9A2C3FE259004177B5 /* ShareButtons.swift in Sources */ = {isa = PBXBuildFile; fileRef = 2F8BCD992C3FE259004177B5 /* ShareButtons.swift */; };
		2F8BCD9E2C3FE29F004177B5 /* AcceptView.swift in Sources */ = {isa = PBXBuildFile; fileRef = 2F8BCD9D2C3FE29F004177B5 /* AcceptView.swift */; };
		2F8BCDA02C3FE349004177B5 /* LoginHaptics.swift in Sources */ = {isa = PBXBuildFile; fileRef = 2F8BCD9F2C3FE349004177B5 /* LoginHaptics.swift */; };
		2F8BCDA32C3FE4E7004177B5 /* FirebaseNotificationGenerator.swift in Sources */ = {isa = PBXBuildFile; fileRef = 2F8BCDA22C3FE4E7004177B5 /* FirebaseNotificationGenerator.swift */; };
		2F8BCDA52C3FFE4D004177B5 /* FriendProfilesList.swift in Sources */ = {isa = PBXBuildFile; fileRef = 2F8BCDA42C3FFE4D004177B5 /* FriendProfilesList.swift */; };
		2F8BCDA72C3FFE91004177B5 /* SuggestedProfilesList.swift in Sources */ = {isa = PBXBuildFile; fileRef = 2F8BCDA62C3FFE91004177B5 /* SuggestedProfilesList.swift */; };
		2F8BCDB12C44E9AA004177B5 /* NetflixLogin.swift in Sources */ = {isa = PBXBuildFile; fileRef = 2F8BCDB02C44E9AA004177B5 /* NetflixLogin.swift */; };
		2F8BCDB32C44F2DE004177B5 /* WebViewNetflixSignIn.swift in Sources */ = {isa = PBXBuildFile; fileRef = 2F8BCDB22C44F2DE004177B5 /* WebViewNetflixSignIn.swift */; };
		2F8BCDB52C44F2FE004177B5 /* KoodosViewModel.swift in Sources */ = {isa = PBXBuildFile; fileRef = 2F8BCDB42C44F2FE004177B5 /* KoodosViewModel.swift */; };
		2F8BCDB82C44F38D004177B5 /* LoginMaster.swift in Sources */ = {isa = PBXBuildFile; fileRef = 2F8BCDB72C44F38D004177B5 /* LoginMaster.swift */; };
		2F8BCDBC2C44F7E7004177B5 /* ProfileImagePicker.swift in Sources */ = {isa = PBXBuildFile; fileRef = 2F8BCDBB2C44F7E7004177B5 /* ProfileImagePicker.swift */; };
		2F8BCDBE2C44F80E004177B5 /* ProfileCreationView.swift in Sources */ = {isa = PBXBuildFile; fileRef = 2F8BCDBD2C44F80E004177B5 /* ProfileCreationView.swift */; };
		2F8BCDC02C44F93D004177B5 /* LoginViewModel.swift in Sources */ = {isa = PBXBuildFile; fileRef = 2F8BCDBF2C44F93D004177B5 /* LoginViewModel.swift */; };
		2F8BCDC22C44FA4B004177B5 /* FirebaseUserModel.swift in Sources */ = {isa = PBXBuildFile; fileRef = 2F8BCDC12C44FA4B004177B5 /* FirebaseUserModel.swift */; };
		2F8BCDC42C45FF4B004177B5 /* FeedViewModel.swift in Sources */ = {isa = PBXBuildFile; fileRef = 2F8BCDC32C45FF4B004177B5 /* FeedViewModel.swift */; };
		2F8BCDC72C45FF95004177B5 /* ProfileOptions.swift in Sources */ = {isa = PBXBuildFile; fileRef = 2F8BCDC62C45FF95004177B5 /* ProfileOptions.swift */; };
		2F8BCDC92C45FF9D004177B5 /* ProfileOptionsViewModel.swift in Sources */ = {isa = PBXBuildFile; fileRef = 2F8BCDC82C45FF9D004177B5 /* ProfileOptionsViewModel.swift */; };
		2FBD7F862C476F5D0031FF8E /* ContactUploadViewModel.swift in Sources */ = {isa = PBXBuildFile; fileRef = 2FBD7F852C476F5D0031FF8E /* ContactUploadViewModel.swift */; };
		2FBD7F882C4794980031FF8E /* PostDataModel.swift in Sources */ = {isa = PBXBuildFile; fileRef = 2FBD7F872C4794980031FF8E /* PostDataModel.swift */; };
		2FBD7F8B2C47A0500031FF8E /* EmojiShowerEffect.swift in Sources */ = {isa = PBXBuildFile; fileRef = 2FBD7F8A2C47A0500031FF8E /* EmojiShowerEffect.swift */; };
		2FBD7F8D2C47CEB10031FF8E /* FriendsView.swift in Sources */ = {isa = PBXBuildFile; fileRef = 2FBD7F8C2C47CEB10031FF8E /* FriendsView.swift */; };
		2FBD7FC32C48D2610031FF8E /* WidgetKit.framework in Frameworks */ = {isa = PBXBuildFile; fileRef = 2F016E5A2C3D181500D55038 /* WidgetKit.framework */; };
		2FBD7FC42C48D2610031FF8E /* SwiftUI.framework in Frameworks */ = {isa = PBXBuildFile; fileRef = 2F016E5C2C3D181500D55038 /* SwiftUI.framework */; };
		2FBD7FC72C48D2610031FF8E /* WidgetBundle.swift in Sources */ = {isa = PBXBuildFile; fileRef = 2FBD7FC62C48D2610031FF8E /* WidgetBundle.swift */; };
		2FBD7FC92C48D2610031FF8E /* Widget.swift in Sources */ = {isa = PBXBuildFile; fileRef = 2FBD7FC82C48D2610031FF8E /* Widget.swift */; };
		2FBD7FCB2C48D2610031FF8E /* AppIntent.swift in Sources */ = {isa = PBXBuildFile; fileRef = 2FBD7FCA2C48D2610031FF8E /* AppIntent.swift */; };
		2FBD7FCD2C48D2620031FF8E /* Assets.xcassets in Resources */ = {isa = PBXBuildFile; fileRef = 2FBD7FCC2C48D2620031FF8E /* Assets.xcassets */; };
		2FBD7FD12C48D2620031FF8E /* StocksWidget2Extension.appex in Embed Foundation Extensions */ = {isa = PBXBuildFile; fileRef = 2FBD7FC22C48D2610031FF8E /* StocksWidget2Extension.appex */; settings = {ATTRIBUTES = (RemoveHeadersOnCopy, ); }; };
		2FBD7FD92C4920310031FF8E /* TimelineProv.swift in Sources */ = {isa = PBXBuildFile; fileRef = 2FBD7FD82C4920310031FF8E /* TimelineProv.swift */; };
		2FBD7FDB2C49205C0031FF8E /* Entry.swift in Sources */ = {isa = PBXBuildFile; fileRef = 2FBD7FDA2C49205C0031FF8E /* Entry.swift */; };
		2FBD7FDD2C4920750031FF8E /* WidgetView.swift in Sources */ = {isa = PBXBuildFile; fileRef = 2FBD7FDC2C4920740031FF8E /* WidgetView.swift */; };
		2FBD7FDE2C4921BB0031FF8E /* PostDataModel.swift in Sources */ = {isa = PBXBuildFile; fileRef = 2FBD7F872C4794980031FF8E /* PostDataModel.swift */; };
		2FBD7FE02C492EA30031FF8E /* SDWebImageSwiftUI in Frameworks */ = {isa = PBXBuildFile; productRef = 2FBD7FDF2C492EA30031FF8E /* SDWebImageSwiftUI */; };
		2FBD7FE22C4A65090031FF8E /* FontExtensions.swift in Sources */ = {isa = PBXBuildFile; fileRef = 2FBD7FE12C4A65090031FF8E /* FontExtensions.swift */; };
		2FBD7FF22C4A65D30031FF8E /* Roboto-Medium.ttf in Resources */ = {isa = PBXBuildFile; fileRef = 2FBD7FE52C4A65D30031FF8E /* Roboto-Medium.ttf */; };
		2FBD7FF32C4A65D30031FF8E /* Roboto-Light.ttf in Resources */ = {isa = PBXBuildFile; fileRef = 2FBD7FE62C4A65D30031FF8E /* Roboto-Light.ttf */; };
		2FBD7FF42C4A65D30031FF8E /* Roboto-Regular.ttf in Resources */ = {isa = PBXBuildFile; fileRef = 2FBD7FE72C4A65D30031FF8E /* Roboto-Regular.ttf */; };
		2FBD7FF52C4A65D30031FF8E /* Roboto-MediumItalic.ttf in Resources */ = {isa = PBXBuildFile; fileRef = 2FBD7FE82C4A65D30031FF8E /* Roboto-MediumItalic.ttf */; };
		2FBD7FF62C4A65D30031FF8E /* Roboto-ThinItalic.ttf in Resources */ = {isa = PBXBuildFile; fileRef = 2FBD7FE92C4A65D30031FF8E /* Roboto-ThinItalic.ttf */; };
		2FBD7FF72C4A65D30031FF8E /* Roboto-BoldItalic.ttf in Resources */ = {isa = PBXBuildFile; fileRef = 2FBD7FEA2C4A65D30031FF8E /* Roboto-BoldItalic.ttf */; };
		2FBD7FF82C4A65D30031FF8E /* Roboto-LightItalic.ttf in Resources */ = {isa = PBXBuildFile; fileRef = 2FBD7FEB2C4A65D30031FF8E /* Roboto-LightItalic.ttf */; };
		2FBD7FF92C4A65D30031FF8E /* Roboto-Italic.ttf in Resources */ = {isa = PBXBuildFile; fileRef = 2FBD7FEC2C4A65D30031FF8E /* Roboto-Italic.ttf */; };
		2FBD7FFA2C4A65D30031FF8E /* LICENSE.txt in Resources */ = {isa = PBXBuildFile; fileRef = 2FBD7FED2C4A65D30031FF8E /* LICENSE.txt */; };
		2FBD7FFB2C4A65D30031FF8E /* Roboto-BlackItalic.ttf in Resources */ = {isa = PBXBuildFile; fileRef = 2FBD7FEE2C4A65D30031FF8E /* Roboto-BlackItalic.ttf */; };
		2FBD7FFC2C4A65D30031FF8E /* Roboto-Bold.ttf in Resources */ = {isa = PBXBuildFile; fileRef = 2FBD7FEF2C4A65D30031FF8E /* Roboto-Bold.ttf */; };
		2FBD7FFD2C4A65D30031FF8E /* Roboto-Thin.ttf in Resources */ = {isa = PBXBuildFile; fileRef = 2FBD7FF02C4A65D30031FF8E /* Roboto-Thin.ttf */; };
		2FBD7FFE2C4A65D30031FF8E /* Roboto-Black.ttf in Resources */ = {isa = PBXBuildFile; fileRef = 2FBD7FF12C4A65D30031FF8E /* Roboto-Black.ttf */; };
		2FBD80022C4A6B1E0031FF8E /* AcceptFlow.swift in Sources */ = {isa = PBXBuildFile; fileRef = 2FBD80012C4A6B1E0031FF8E /* AcceptFlow.swift */; };
		2FBD80042C4A6B540031FF8E /* SuggestView.swift in Sources */ = {isa = PBXBuildFile; fileRef = 2FBD80032C4A6B540031FF8E /* SuggestView.swift */; };
		2FBD801D2C4A729A0031FF8E /* RobotoCondensed-VariableFont_wght.ttf in Resources */ = {isa = PBXBuildFile; fileRef = 2FBD80062C4A72990031FF8E /* RobotoCondensed-VariableFont_wght.ttf */; };
		2FBD801E2C4A729A0031FF8E /* RobotoCondensed-Thin.ttf in Resources */ = {isa = PBXBuildFile; fileRef = 2FBD80082C4A72990031FF8E /* RobotoCondensed-Thin.ttf */; };
		2FBD801F2C4A729A0031FF8E /* RobotoCondensed-Bold.ttf in Resources */ = {isa = PBXBuildFile; fileRef = 2FBD80092C4A72990031FF8E /* RobotoCondensed-Bold.ttf */; };
		2FBD80202C4A729A0031FF8E /* RobotoCondensed-SemiBoldItalic.ttf in Resources */ = {isa = PBXBuildFile; fileRef = 2FBD800A2C4A72990031FF8E /* RobotoCondensed-SemiBoldItalic.ttf */; };
		2FBD80212C4A729A0031FF8E /* RobotoCondensed-Light.ttf in Resources */ = {isa = PBXBuildFile; fileRef = 2FBD800B2C4A729A0031FF8E /* RobotoCondensed-Light.ttf */; };
		2FBD80222C4A729A0031FF8E /* RobotoCondensed-ExtraBoldItalic.ttf in Resources */ = {isa = PBXBuildFile; fileRef = 2FBD800C2C4A729A0031FF8E /* RobotoCondensed-ExtraBoldItalic.ttf */; };
		2FBD80232C4A729A0031FF8E /* RobotoCondensed-ThinItalic.ttf in Resources */ = {isa = PBXBuildFile; fileRef = 2FBD800D2C4A729A0031FF8E /* RobotoCondensed-ThinItalic.ttf */; };
		2FBD80242C4A729A0031FF8E /* RobotoCondensed-ExtraLight.ttf in Resources */ = {isa = PBXBuildFile; fileRef = 2FBD800E2C4A729A0031FF8E /* RobotoCondensed-ExtraLight.ttf */; };
		2FBD80252C4A729A0031FF8E /* RobotoCondensed-Italic.ttf in Resources */ = {isa = PBXBuildFile; fileRef = 2FBD800F2C4A729A0031FF8E /* RobotoCondensed-Italic.ttf */; };
		2FBD80262C4A729A0031FF8E /* RobotoCondensed-BoldItalic.ttf in Resources */ = {isa = PBXBuildFile; fileRef = 2FBD80102C4A729A0031FF8E /* RobotoCondensed-BoldItalic.ttf */; };
		2FBD80272C4A729A0031FF8E /* RobotoCondensed-SemiBold.ttf in Resources */ = {isa = PBXBuildFile; fileRef = 2FBD80112C4A729A0031FF8E /* RobotoCondensed-SemiBold.ttf */; };
		2FBD80282C4A729A0031FF8E /* RobotoCondensed-Medium.ttf in Resources */ = {isa = PBXBuildFile; fileRef = 2FBD80122C4A729A0031FF8E /* RobotoCondensed-Medium.ttf */; };
		2FBD80292C4A729A0031FF8E /* RobotoCondensed-LightItalic.ttf in Resources */ = {isa = PBXBuildFile; fileRef = 2FBD80132C4A729A0031FF8E /* RobotoCondensed-LightItalic.ttf */; };
		2FBD802A2C4A729A0031FF8E /* RobotoCondensed-Regular.ttf in Resources */ = {isa = PBXBuildFile; fileRef = 2FBD80142C4A729A0031FF8E /* RobotoCondensed-Regular.ttf */; };
		2FBD802B2C4A729A0031FF8E /* RobotoCondensed-MediumItalic.ttf in Resources */ = {isa = PBXBuildFile; fileRef = 2FBD80152C4A729A0031FF8E /* RobotoCondensed-MediumItalic.ttf */; };
		2FBD802C2C4A729A0031FF8E /* RobotoCondensed-ExtraLightItalic.ttf in Resources */ = {isa = PBXBuildFile; fileRef = 2FBD80162C4A729A0031FF8E /* RobotoCondensed-ExtraLightItalic.ttf */; };
		2FBD802D2C4A729A0031FF8E /* RobotoCondensed-ExtraBold.ttf in Resources */ = {isa = PBXBuildFile; fileRef = 2FBD80172C4A729A0031FF8E /* RobotoCondensed-ExtraBold.ttf */; };
		2FBD802E2C4A729A0031FF8E /* RobotoCondensed-Black.ttf in Resources */ = {isa = PBXBuildFile; fileRef = 2FBD80182C4A729A0031FF8E /* RobotoCondensed-Black.ttf */; };
		2FBD802F2C4A729A0031FF8E /* RobotoCondensed-BlackItalic.ttf in Resources */ = {isa = PBXBuildFile; fileRef = 2FBD80192C4A729A0031FF8E /* RobotoCondensed-BlackItalic.ttf */; };
		2FBD80302C4A729A0031FF8E /* RobotoCondensed-Italic-VariableFont_wght.ttf in Resources */ = {isa = PBXBuildFile; fileRef = 2FBD801A2C4A729A0031FF8E /* RobotoCondensed-Italic-VariableFont_wght.ttf */; };
		2FBD80312C4A729A0031FF8E /* OFL.txt in Resources */ = {isa = PBXBuildFile; fileRef = 2FBD801B2C4A729A0031FF8E /* OFL.txt */; };
		2FBD80322C4A729A0031FF8E /* README.txt in Resources */ = {isa = PBXBuildFile; fileRef = 2FBD801C2C4A729A0031FF8E /* README.txt */; };
		2FBD80342C4A7A6F0031FF8E /* NewFriendView.swift in Sources */ = {isa = PBXBuildFile; fileRef = 2FBD80332C4A7A6F0031FF8E /* NewFriendView.swift */; };
/* End PBXBuildFile section */

/* Begin PBXContainerItemProxy section */
		2FBD7FCF2C48D2620031FF8E /* PBXContainerItemProxy */ = {
			isa = PBXContainerItemProxy;
			containerPortal = 2F016E362C3D17F800D55038 /* Project object */;
			proxyType = 1;
			remoteGlobalIDString = 2FBD7FC12C48D2610031FF8E;
			remoteInfo = StocksWidget2Extension;
		};
/* End PBXContainerItemProxy section */

/* Begin PBXCopyFilesBuildPhase section */
		2F016E6E2C3D181700D55038 /* Embed Foundation Extensions */ = {
			isa = PBXCopyFilesBuildPhase;
			buildActionMask = 2147483647;
			dstPath = "";
			dstSubfolderSpec = 13;
			files = (
				2FBD7FD12C48D2620031FF8E /* StocksWidget2Extension.appex in Embed Foundation Extensions */,
			);
			name = "Embed Foundation Extensions";
			runOnlyForDeploymentPostprocessing = 0;
		};
/* End PBXCopyFilesBuildPhase section */

/* Begin PBXFileReference section */
		2F016E3E2C3D17F900D55038 /* ViewCrew.app */ = {isa = PBXFileReference; explicitFileType = wrapper.application; includeInIndex = 0; path = ViewCrew.app; sourceTree = BUILT_PRODUCTS_DIR; };
		2F016E412C3D17F900D55038 /* App.swift */ = {isa = PBXFileReference; lastKnownFileType = sourcecode.swift; path = App.swift; sourceTree = "<group>"; };
		2F016E432C3D17F900D55038 /* ProfileView.swift */ = {isa = PBXFileReference; lastKnownFileType = sourcecode.swift; path = ProfileView.swift; sourceTree = "<group>"; };
		2F016E452C3D17FA00D55038 /* Assets.xcassets */ = {isa = PBXFileReference; lastKnownFileType = folder.assetcatalog; path = Assets.xcassets; sourceTree = "<group>"; };
		2F016E482C3D17FA00D55038 /* Preview Assets.xcassets */ = {isa = PBXFileReference; lastKnownFileType = folder.assetcatalog; path = "Preview Assets.xcassets"; sourceTree = "<group>"; };
		2F016E4D2C3D17FA00D55038 /* vitalz_new.xcdatamodel */ = {isa = PBXFileReference; lastKnownFileType = wrapper.xcdatamodel; path = vitalz_new.xcdatamodel; sourceTree = "<group>"; };
		2F016E5A2C3D181500D55038 /* WidgetKit.framework */ = {isa = PBXFileReference; lastKnownFileType = wrapper.framework; name = WidgetKit.framework; path = System/Library/Frameworks/WidgetKit.framework; sourceTree = SDKROOT; };
		2F016E5C2C3D181500D55038 /* SwiftUI.framework */ = {isa = PBXFileReference; lastKnownFileType = wrapper.framework; name = SwiftUI.framework; path = System/Library/Frameworks/SwiftUI.framework; sourceTree = SDKROOT; };
		2F016E7C2C3D27A200D55038 /* AuthView.swift */ = {isa = PBXFileReference; lastKnownFileType = sourcecode.swift; path = AuthView.swift; sourceTree = "<group>"; };
		2F016E7E2C3D280300D55038 /* GoogleService-Info.plist */ = {isa = PBXFileReference; fileEncoding = 4; lastKnownFileType = text.plist.xml; path = "GoogleService-Info.plist"; sourceTree = "<group>"; };
		2F016E8D2C3D353B00D55038 /* FeedView.swift */ = {isa = PBXFileReference; lastKnownFileType = sourcecode.swift; path = FeedView.swift; sourceTree = "<group>"; };
		2F8BCD882C3DA9BC004177B5 /* EmojiScroll.swift */ = {isa = PBXFileReference; lastKnownFileType = sourcecode.swift; path = EmojiScroll.swift; sourceTree = "<group>"; };
		2F8BCD8A2C3DA9F0004177B5 /* HapticFeedbackGenerator.swift */ = {isa = PBXFileReference; lastKnownFileType = sourcecode.swift; path = HapticFeedbackGenerator.swift; sourceTree = "<group>"; };
		2F8BCD8C2C3FCF93004177B5 /* AppColors.swift */ = {isa = PBXFileReference; lastKnownFileType = sourcecode.swift; path = AppColors.swift; sourceTree = "<group>"; };
		2F8BCD8F2C3FD14B004177B5 /* ProfileViewModel.swift */ = {isa = PBXFileReference; lastKnownFileType = sourcecode.swift; path = ProfileViewModel.swift; sourceTree = "<group>"; };
		2F8BCD932C3FE16B004177B5 /* AuthViewModel.swift */ = {isa = PBXFileReference; lastKnownFileType = sourcecode.swift; path = AuthViewModel.swift; sourceTree = "<group>"; };
		2F8BCD972C3FE210004177B5 /* FriendsViewModel.swift */ = {isa = PBXFileReference; lastKnownFileType = sourcecode.swift; path = FriendsViewModel.swift; sourceTree = "<group>"; };
		2F8BCD992C3FE259004177B5 /* ShareButtons.swift */ = {isa = PBXFileReference; lastKnownFileType = sourcecode.swift; path = ShareButtons.swift; sourceTree = "<group>"; };
		2F8BCD9D2C3FE29F004177B5 /* AcceptView.swift */ = {isa = PBXFileReference; lastKnownFileType = sourcecode.swift; path = AcceptView.swift; sourceTree = "<group>"; };
		2F8BCD9F2C3FE349004177B5 /* LoginHaptics.swift */ = {isa = PBXFileReference; lastKnownFileType = sourcecode.swift; path = LoginHaptics.swift; sourceTree = "<group>"; };
		2F8BCDA22C3FE4E7004177B5 /* FirebaseNotificationGenerator.swift */ = {isa = PBXFileReference; lastKnownFileType = sourcecode.swift; path = FirebaseNotificationGenerator.swift; sourceTree = "<group>"; };
		2F8BCDA42C3FFE4D004177B5 /* FriendProfilesList.swift */ = {isa = PBXFileReference; lastKnownFileType = sourcecode.swift; path = FriendProfilesList.swift; sourceTree = "<group>"; };
		2F8BCDA62C3FFE91004177B5 /* SuggestedProfilesList.swift */ = {isa = PBXFileReference; lastKnownFileType = sourcecode.swift; path = SuggestedProfilesList.swift; sourceTree = "<group>"; };
		2F8BCDB02C44E9AA004177B5 /* NetflixLogin.swift */ = {isa = PBXFileReference; lastKnownFileType = sourcecode.swift; path = NetflixLogin.swift; sourceTree = "<group>"; };
		2F8BCDB22C44F2DE004177B5 /* WebViewNetflixSignIn.swift */ = {isa = PBXFileReference; lastKnownFileType = sourcecode.swift; path = WebViewNetflixSignIn.swift; sourceTree = "<group>"; };
		2F8BCDB42C44F2FE004177B5 /* KoodosViewModel.swift */ = {isa = PBXFileReference; lastKnownFileType = sourcecode.swift; path = KoodosViewModel.swift; sourceTree = "<group>"; };
		2F8BCDB72C44F38D004177B5 /* LoginMaster.swift */ = {isa = PBXFileReference; lastKnownFileType = sourcecode.swift; path = LoginMaster.swift; sourceTree = "<group>"; };
		2F8BCDBB2C44F7E7004177B5 /* ProfileImagePicker.swift */ = {isa = PBXFileReference; lastKnownFileType = sourcecode.swift; path = ProfileImagePicker.swift; sourceTree = "<group>"; };
		2F8BCDBD2C44F80E004177B5 /* ProfileCreationView.swift */ = {isa = PBXFileReference; lastKnownFileType = sourcecode.swift; path = ProfileCreationView.swift; sourceTree = "<group>"; };
		2F8BCDBF2C44F93D004177B5 /* LoginViewModel.swift */ = {isa = PBXFileReference; lastKnownFileType = sourcecode.swift; path = LoginViewModel.swift; sourceTree = "<group>"; };
		2F8BCDC12C44FA4B004177B5 /* FirebaseUserModel.swift */ = {isa = PBXFileReference; lastKnownFileType = sourcecode.swift; path = FirebaseUserModel.swift; sourceTree = "<group>"; };
		2F8BCDC32C45FF4B004177B5 /* FeedViewModel.swift */ = {isa = PBXFileReference; lastKnownFileType = sourcecode.swift; path = FeedViewModel.swift; sourceTree = "<group>"; };
		2F8BCDC62C45FF95004177B5 /* ProfileOptions.swift */ = {isa = PBXFileReference; lastKnownFileType = sourcecode.swift; path = ProfileOptions.swift; sourceTree = "<group>"; };
		2F8BCDC82C45FF9D004177B5 /* ProfileOptionsViewModel.swift */ = {isa = PBXFileReference; lastKnownFileType = sourcecode.swift; path = ProfileOptionsViewModel.swift; sourceTree = "<group>"; };
		2FBD7F852C476F5D0031FF8E /* ContactUploadViewModel.swift */ = {isa = PBXFileReference; lastKnownFileType = sourcecode.swift; path = ContactUploadViewModel.swift; sourceTree = "<group>"; };
		2FBD7F872C4794980031FF8E /* PostDataModel.swift */ = {isa = PBXFileReference; lastKnownFileType = sourcecode.swift; path = PostDataModel.swift; sourceTree = "<group>"; };
		2FBD7F8A2C47A0500031FF8E /* EmojiShowerEffect.swift */ = {isa = PBXFileReference; lastKnownFileType = sourcecode.swift; path = EmojiShowerEffect.swift; sourceTree = "<group>"; };
		2FBD7F8C2C47CEB10031FF8E /* FriendsView.swift */ = {isa = PBXFileReference; lastKnownFileType = sourcecode.swift; path = FriendsView.swift; sourceTree = "<group>"; };
		2FBD7FC22C48D2610031FF8E /* StocksWidget2Extension.appex */ = {isa = PBXFileReference; explicitFileType = "wrapper.app-extension"; includeInIndex = 0; path = StocksWidget2Extension.appex; sourceTree = BUILT_PRODUCTS_DIR; };
		2FBD7FC62C48D2610031FF8E /* WidgetBundle.swift */ = {isa = PBXFileReference; lastKnownFileType = sourcecode.swift; path = WidgetBundle.swift; sourceTree = "<group>"; };
		2FBD7FC82C48D2610031FF8E /* Widget.swift */ = {isa = PBXFileReference; lastKnownFileType = sourcecode.swift; path = Widget.swift; sourceTree = "<group>"; };
		2FBD7FCA2C48D2610031FF8E /* AppIntent.swift */ = {isa = PBXFileReference; lastKnownFileType = sourcecode.swift; path = AppIntent.swift; sourceTree = "<group>"; };
		2FBD7FCC2C48D2620031FF8E /* Assets.xcassets */ = {isa = PBXFileReference; lastKnownFileType = folder.assetcatalog; path = Assets.xcassets; sourceTree = "<group>"; };
		2FBD7FCE2C48D2620031FF8E /* Info.plist */ = {isa = PBXFileReference; lastKnownFileType = text.plist.xml; path = Info.plist; sourceTree = "<group>"; };
		2FBD7FD82C4920310031FF8E /* TimelineProv.swift */ = {isa = PBXFileReference; lastKnownFileType = sourcecode.swift; path = TimelineProv.swift; sourceTree = "<group>"; };
		2FBD7FDA2C49205C0031FF8E /* Entry.swift */ = {isa = PBXFileReference; lastKnownFileType = sourcecode.swift; path = Entry.swift; sourceTree = "<group>"; };
		2FBD7FDC2C4920740031FF8E /* WidgetView.swift */ = {isa = PBXFileReference; lastKnownFileType = sourcecode.swift; path = WidgetView.swift; sourceTree = "<group>"; };
		2FBD7FE12C4A65090031FF8E /* FontExtensions.swift */ = {isa = PBXFileReference; lastKnownFileType = sourcecode.swift; path = FontExtensions.swift; sourceTree = "<group>"; };
		2FBD7FE32C4A65660031FF8E /* Info.plist */ = {isa = PBXFileReference; lastKnownFileType = text.plist; path = Info.plist; sourceTree = "<group>"; };
		2FBD7FE52C4A65D30031FF8E /* Roboto-Medium.ttf */ = {isa = PBXFileReference; lastKnownFileType = file; path = "Roboto-Medium.ttf"; sourceTree = "<group>"; };
		2FBD7FE62C4A65D30031FF8E /* Roboto-Light.ttf */ = {isa = PBXFileReference; lastKnownFileType = file; path = "Roboto-Light.ttf"; sourceTree = "<group>"; };
		2FBD7FE72C4A65D30031FF8E /* Roboto-Regular.ttf */ = {isa = PBXFileReference; lastKnownFileType = file; path = "Roboto-Regular.ttf"; sourceTree = "<group>"; };
		2FBD7FE82C4A65D30031FF8E /* Roboto-MediumItalic.ttf */ = {isa = PBXFileReference; lastKnownFileType = file; path = "Roboto-MediumItalic.ttf"; sourceTree = "<group>"; };
		2FBD7FE92C4A65D30031FF8E /* Roboto-ThinItalic.ttf */ = {isa = PBXFileReference; lastKnownFileType = file; path = "Roboto-ThinItalic.ttf"; sourceTree = "<group>"; };
		2FBD7FEA2C4A65D30031FF8E /* Roboto-BoldItalic.ttf */ = {isa = PBXFileReference; lastKnownFileType = file; path = "Roboto-BoldItalic.ttf"; sourceTree = "<group>"; };
		2FBD7FEB2C4A65D30031FF8E /* Roboto-LightItalic.ttf */ = {isa = PBXFileReference; lastKnownFileType = file; path = "Roboto-LightItalic.ttf"; sourceTree = "<group>"; };
		2FBD7FEC2C4A65D30031FF8E /* Roboto-Italic.ttf */ = {isa = PBXFileReference; lastKnownFileType = file; path = "Roboto-Italic.ttf"; sourceTree = "<group>"; };
		2FBD7FED2C4A65D30031FF8E /* LICENSE.txt */ = {isa = PBXFileReference; fileEncoding = 4; lastKnownFileType = text; path = LICENSE.txt; sourceTree = "<group>"; };
		2FBD7FEE2C4A65D30031FF8E /* Roboto-BlackItalic.ttf */ = {isa = PBXFileReference; lastKnownFileType = file; path = "Roboto-BlackItalic.ttf"; sourceTree = "<group>"; };
		2FBD7FEF2C4A65D30031FF8E /* Roboto-Bold.ttf */ = {isa = PBXFileReference; lastKnownFileType = file; path = "Roboto-Bold.ttf"; sourceTree = "<group>"; };
		2FBD7FF02C4A65D30031FF8E /* Roboto-Thin.ttf */ = {isa = PBXFileReference; lastKnownFileType = file; path = "Roboto-Thin.ttf"; sourceTree = "<group>"; };
		2FBD7FF12C4A65D30031FF8E /* Roboto-Black.ttf */ = {isa = PBXFileReference; lastKnownFileType = file; path = "Roboto-Black.ttf"; sourceTree = "<group>"; };
		2FBD80012C4A6B1E0031FF8E /* AcceptFlow.swift */ = {isa = PBXFileReference; lastKnownFileType = sourcecode.swift; path = AcceptFlow.swift; sourceTree = "<group>"; };
		2FBD80032C4A6B540031FF8E /* SuggestView.swift */ = {isa = PBXFileReference; lastKnownFileType = sourcecode.swift; path = SuggestView.swift; sourceTree = "<group>"; };
		2FBD80062C4A72990031FF8E /* RobotoCondensed-VariableFont_wght.ttf */ = {isa = PBXFileReference; lastKnownFileType = file; path = "RobotoCondensed-VariableFont_wght.ttf"; sourceTree = "<group>"; };
		2FBD80082C4A72990031FF8E /* RobotoCondensed-Thin.ttf */ = {isa = PBXFileReference; lastKnownFileType = file; path = "RobotoCondensed-Thin.ttf"; sourceTree = "<group>"; };
		2FBD80092C4A72990031FF8E /* RobotoCondensed-Bold.ttf */ = {isa = PBXFileReference; lastKnownFileType = file; path = "RobotoCondensed-Bold.ttf"; sourceTree = "<group>"; };
		2FBD800A2C4A72990031FF8E /* RobotoCondensed-SemiBoldItalic.ttf */ = {isa = PBXFileReference; lastKnownFileType = file; path = "RobotoCondensed-SemiBoldItalic.ttf"; sourceTree = "<group>"; };
		2FBD800B2C4A729A0031FF8E /* RobotoCondensed-Light.ttf */ = {isa = PBXFileReference; lastKnownFileType = file; path = "RobotoCondensed-Light.ttf"; sourceTree = "<group>"; };
		2FBD800C2C4A729A0031FF8E /* RobotoCondensed-ExtraBoldItalic.ttf */ = {isa = PBXFileReference; lastKnownFileType = file; path = "RobotoCondensed-ExtraBoldItalic.ttf"; sourceTree = "<group>"; };
		2FBD800D2C4A729A0031FF8E /* RobotoCondensed-ThinItalic.ttf */ = {isa = PBXFileReference; lastKnownFileType = file; path = "RobotoCondensed-ThinItalic.ttf"; sourceTree = "<group>"; };
		2FBD800E2C4A729A0031FF8E /* RobotoCondensed-ExtraLight.ttf */ = {isa = PBXFileReference; lastKnownFileType = file; path = "RobotoCondensed-ExtraLight.ttf"; sourceTree = "<group>"; };
		2FBD800F2C4A729A0031FF8E /* RobotoCondensed-Italic.ttf */ = {isa = PBXFileReference; lastKnownFileType = file; path = "RobotoCondensed-Italic.ttf"; sourceTree = "<group>"; };
		2FBD80102C4A729A0031FF8E /* RobotoCondensed-BoldItalic.ttf */ = {isa = PBXFileReference; lastKnownFileType = file; path = "RobotoCondensed-BoldItalic.ttf"; sourceTree = "<group>"; };
		2FBD80112C4A729A0031FF8E /* RobotoCondensed-SemiBold.ttf */ = {isa = PBXFileReference; lastKnownFileType = file; path = "RobotoCondensed-SemiBold.ttf"; sourceTree = "<group>"; };
		2FBD80122C4A729A0031FF8E /* RobotoCondensed-Medium.ttf */ = {isa = PBXFileReference; lastKnownFileType = file; path = "RobotoCondensed-Medium.ttf"; sourceTree = "<group>"; };
		2FBD80132C4A729A0031FF8E /* RobotoCondensed-LightItalic.ttf */ = {isa = PBXFileReference; lastKnownFileType = file; path = "RobotoCondensed-LightItalic.ttf"; sourceTree = "<group>"; };
		2FBD80142C4A729A0031FF8E /* RobotoCondensed-Regular.ttf */ = {isa = PBXFileReference; lastKnownFileType = file; path = "RobotoCondensed-Regular.ttf"; sourceTree = "<group>"; };
		2FBD80152C4A729A0031FF8E /* RobotoCondensed-MediumItalic.ttf */ = {isa = PBXFileReference; lastKnownFileType = file; path = "RobotoCondensed-MediumItalic.ttf"; sourceTree = "<group>"; };
		2FBD80162C4A729A0031FF8E /* RobotoCondensed-ExtraLightItalic.ttf */ = {isa = PBXFileReference; lastKnownFileType = file; path = "RobotoCondensed-ExtraLightItalic.ttf"; sourceTree = "<group>"; };
		2FBD80172C4A729A0031FF8E /* RobotoCondensed-ExtraBold.ttf */ = {isa = PBXFileReference; lastKnownFileType = file; path = "RobotoCondensed-ExtraBold.ttf"; sourceTree = "<group>"; };
		2FBD80182C4A729A0031FF8E /* RobotoCondensed-Black.ttf */ = {isa = PBXFileReference; lastKnownFileType = file; path = "RobotoCondensed-Black.ttf"; sourceTree = "<group>"; };
		2FBD80192C4A729A0031FF8E /* RobotoCondensed-BlackItalic.ttf */ = {isa = PBXFileReference; lastKnownFileType = file; path = "RobotoCondensed-BlackItalic.ttf"; sourceTree = "<group>"; };
		2FBD801A2C4A729A0031FF8E /* RobotoCondensed-Italic-VariableFont_wght.ttf */ = {isa = PBXFileReference; lastKnownFileType = file; path = "RobotoCondensed-Italic-VariableFont_wght.ttf"; sourceTree = "<group>"; };
		2FBD801B2C4A729A0031FF8E /* OFL.txt */ = {isa = PBXFileReference; fileEncoding = 4; lastKnownFileType = text; path = OFL.txt; sourceTree = "<group>"; };
		2FBD801C2C4A729A0031FF8E /* README.txt */ = {isa = PBXFileReference; fileEncoding = 4; lastKnownFileType = text; path = README.txt; sourceTree = "<group>"; };
		2FBD80332C4A7A6F0031FF8E /* NewFriendView.swift */ = {isa = PBXFileReference; lastKnownFileType = sourcecode.swift; path = NewFriendView.swift; sourceTree = "<group>"; };
/* End PBXFileReference section */

/* Begin PBXFrameworksBuildPhase section */
		2F016E3B2C3D17F900D55038 /* Frameworks */ = {
			isa = PBXFrameworksBuildPhase;
			buildActionMask = 2147483647;
			files = (
				2F8BCD872C3DA59C004177B5 /* VTabView in Frameworks */,
				2F016E8A2C3D295800D55038 /* FirebaseMessaging in Frameworks */,
				2F016E7B2C3D19FC00D55038 /* SDWebImageSwiftUI in Frameworks */,
				2F016E822C3D295800D55038 /* FirebaseAuth in Frameworks */,
				2F016E842C3D295800D55038 /* FirebaseFirestore in Frameworks */,
				2F016E8C2C3D295800D55038 /* FirebaseStorage in Frameworks */,
				2F016E862C3D295800D55038 /* FirebaseFunctions in Frameworks */,
				2F016E882C3D295800D55038 /* FirebaseInAppMessaging-Beta in Frameworks */,
			);
			runOnlyForDeploymentPostprocessing = 0;
		};
		2FBD7FBF2C48D2610031FF8E /* Frameworks */ = {
			isa = PBXFrameworksBuildPhase;
			buildActionMask = 2147483647;
			files = (
				2FBD7FE02C492EA30031FF8E /* SDWebImageSwiftUI in Frameworks */,
				2FBD7FC42C48D2610031FF8E /* SwiftUI.framework in Frameworks */,
				2FBD7FC32C48D2610031FF8E /* WidgetKit.framework in Frameworks */,
			);
			runOnlyForDeploymentPostprocessing = 0;
		};
/* End PBXFrameworksBuildPhase section */

/* Begin PBXGroup section */
		2F016E352C3D17F800D55038 = {
			isa = PBXGroup;
			children = (
				2F016E402C3D17F900D55038 /* vitalz-new */,
				2FBD7FC52C48D2610031FF8E /* StocksWidget2 */,
				2F016E592C3D181500D55038 /* Frameworks */,
				2F016E3F2C3D17F900D55038 /* Products */,
			);
			sourceTree = "<group>";
		};
		2F016E3F2C3D17F900D55038 /* Products */ = {
			isa = PBXGroup;
			children = (
				2F016E3E2C3D17F900D55038 /* ViewCrew.app */,
				2FBD7FC22C48D2610031FF8E /* StocksWidget2Extension.appex */,
			);
			name = Products;
			sourceTree = "<group>";
		};
		2F016E402C3D17F900D55038 /* vitalz-new */ = {
			isa = PBXGroup;
			children = (
				2FBD80052C4A72990031FF8E /* Roboto_Condensed */,
				2FBD7FE42C4A65D30031FF8E /* Roboto */,
				2FBD7FE32C4A65660031FF8E /* Info.plist */,
				2F8BCDB92C44F7B6004177B5 /* Login */,
				2F8BCD962C3FE1CF004177B5 /* Friends */,
				2F8BCD952C3FE192004177B5 /* Feed */,
				2F8BCD912C3FE139004177B5 /* Profile */,
				2F8BCD8E2C3FCFF7004177B5 /* UI-UX Components */,
				2F8BCDA12C3FE4D2004177B5 /* Notifications */,
				2F016E412C3D17F900D55038 /* App.swift */,
				2FBD7F872C4794980031FF8E /* PostDataModel.swift */,
				2F016E4C2C3D17FA00D55038 /* vitalz_new.xcdatamodeld */,
				2F016E7E2C3D280300D55038 /* GoogleService-Info.plist */,
				2F016E452C3D17FA00D55038 /* Assets.xcassets */,
				2F016E472C3D17FA00D55038 /* Preview Content */,
			);
			path = "vitalz-new";
			sourceTree = "<group>";
		};
		2F016E472C3D17FA00D55038 /* Preview Content */ = {
			isa = PBXGroup;
			children = (
				2F016E482C3D17FA00D55038 /* Preview Assets.xcassets */,
			);
			path = "Preview Content";
			sourceTree = "<group>";
		};
		2F016E592C3D181500D55038 /* Frameworks */ = {
			isa = PBXGroup;
			children = (
				2F016E5A2C3D181500D55038 /* WidgetKit.framework */,
				2F016E5C2C3D181500D55038 /* SwiftUI.framework */,
			);
			name = Frameworks;
			sourceTree = "<group>";
		};
		2F8BCD8E2C3FCFF7004177B5 /* UI-UX Components */ = {
			isa = PBXGroup;
			children = (
				2F8BCD8C2C3FCF93004177B5 /* AppColors.swift */,
				2FBD7FE12C4A65090031FF8E /* FontExtensions.swift */,
				2FBD7F8F2C4811350031FF8E /* Haptics */,
			);
			path = "UI-UX Components";
			sourceTree = "<group>";
		};
		2F8BCD912C3FE139004177B5 /* Profile */ = {
			isa = PBXGroup;
			children = (
				2F8BCDC52C45FF8D004177B5 /* ProfileOptions */,
				2F016E432C3D17F900D55038 /* ProfileView.swift */,
				2F8BCD8F2C3FD14B004177B5 /* ProfileViewModel.swift */,
			);
			path = Profile;
			sourceTree = "<group>";
		};
		2F8BCD922C3FE14C004177B5 /* Auth */ = {
			isa = PBXGroup;
			children = (
				2F016E7C2C3D27A200D55038 /* AuthView.swift */,
				2F8BCD932C3FE16B004177B5 /* AuthViewModel.swift */,
			);
			path = Auth;
			sourceTree = "<group>";
		};
		2F8BCD952C3FE192004177B5 /* Feed */ = {
			isa = PBXGroup;
			children = (
				2FBD7F892C47A03D0031FF8E /* Reactions */,
				2F016E8D2C3D353B00D55038 /* FeedView.swift */,
				2F8BCDC32C45FF4B004177B5 /* FeedViewModel.swift */,
			);
			path = Feed;
			sourceTree = "<group>";
		};
		2F8BCD962C3FE1CF004177B5 /* Friends */ = {
			isa = PBXGroup;
			children = (
				2FBD80002C4A6B120031FF8E /* AcceptFriend */,
				2FBD7FFF2C4A6AE70031FF8E /* Components */,
				2FBD7F8E2C4810D80031FF8E /* UserLists */,
				2FBD7F8C2C47CEB10031FF8E /* FriendsView.swift */,
				2F8BCD972C3FE210004177B5 /* FriendsViewModel.swift */,
			);
			path = Friends;
			sourceTree = "<group>";
		};
		2F8BCDA12C3FE4D2004177B5 /* Notifications */ = {
			isa = PBXGroup;
			children = (
				2F8BCDA22C3FE4E7004177B5 /* FirebaseNotificationGenerator.swift */,
			);
			path = Notifications;
			sourceTree = "<group>";
		};
		2F8BCDAB2C40D26A004177B5 /* NetflixLogin */ = {
			isa = PBXGroup;
			children = (
				2F8BCDB02C44E9AA004177B5 /* NetflixLogin.swift */,
				2F8BCDB42C44F2FE004177B5 /* KoodosViewModel.swift */,
				2F8BCDB22C44F2DE004177B5 /* WebViewNetflixSignIn.swift */,
			);
			path = NetflixLogin;
			sourceTree = "<group>";
		};
		2F8BCDB92C44F7B6004177B5 /* Login */ = {
			isa = PBXGroup;
			children = (
				2F8BCD922C3FE14C004177B5 /* Auth */,
				2F8BCDAB2C40D26A004177B5 /* NetflixLogin */,
				2F8BCDBA2C44F7D1004177B5 /* ProfileCreation */,
				2F8BCDB72C44F38D004177B5 /* LoginMaster.swift */,
				2F8BCDBF2C44F93D004177B5 /* LoginViewModel.swift */,
				2F8BCDC12C44FA4B004177B5 /* FirebaseUserModel.swift */,
				2FBD7F852C476F5D0031FF8E /* ContactUploadViewModel.swift */,
			);
			path = Login;
			sourceTree = "<group>";
		};
		2F8BCDBA2C44F7D1004177B5 /* ProfileCreation */ = {
			isa = PBXGroup;
			children = (
				2F8BCDBB2C44F7E7004177B5 /* ProfileImagePicker.swift */,
				2F8BCDBD2C44F80E004177B5 /* ProfileCreationView.swift */,
			);
			path = ProfileCreation;
			sourceTree = "<group>";
		};
		2F8BCDC52C45FF8D004177B5 /* ProfileOptions */ = {
			isa = PBXGroup;
			children = (
				2F8BCDC62C45FF95004177B5 /* ProfileOptions.swift */,
				2F8BCDC82C45FF9D004177B5 /* ProfileOptionsViewModel.swift */,
			);
			path = ProfileOptions;
			sourceTree = "<group>";
		};
		2FBD7F892C47A03D0031FF8E /* Reactions */ = {
			isa = PBXGroup;
			children = (
				2F8BCD882C3DA9BC004177B5 /* EmojiScroll.swift */,
				2FBD7F8A2C47A0500031FF8E /* EmojiShowerEffect.swift */,
			);
			path = Reactions;
			sourceTree = "<group>";
		};
		2FBD7F8E2C4810D80031FF8E /* UserLists */ = {
			isa = PBXGroup;
			children = (
				2F8BCDA42C3FFE4D004177B5 /* FriendProfilesList.swift */,
				2F8BCDA62C3FFE91004177B5 /* SuggestedProfilesList.swift */,
			);
			path = UserLists;
			sourceTree = "<group>";
		};
		2FBD7F8F2C4811350031FF8E /* Haptics */ = {
			isa = PBXGroup;
			children = (
				2F8BCD9F2C3FE349004177B5 /* LoginHaptics.swift */,
				2F8BCD8A2C3DA9F0004177B5 /* HapticFeedbackGenerator.swift */,
			);
			path = Haptics;
			sourceTree = "<group>";
		};
		2FBD7FC52C48D2610031FF8E /* StocksWidget2 */ = {
			isa = PBXGroup;
			children = (
				2FBD7FC62C48D2610031FF8E /* WidgetBundle.swift */,
				2FBD7FC82C48D2610031FF8E /* Widget.swift */,
				2FBD7FD82C4920310031FF8E /* TimelineProv.swift */,
				2FBD7FDA2C49205C0031FF8E /* Entry.swift */,
				2FBD7FDC2C4920740031FF8E /* WidgetView.swift */,
				2FBD7FCA2C48D2610031FF8E /* AppIntent.swift */,
				2FBD7FCC2C48D2620031FF8E /* Assets.xcassets */,
				2FBD7FCE2C48D2620031FF8E /* Info.plist */,
			);
			path = StocksWidget2;
			sourceTree = "<group>";
		};
		2FBD7FE42C4A65D30031FF8E /* Roboto */ = {
			isa = PBXGroup;
			children = (
				2FBD7FE52C4A65D30031FF8E /* Roboto-Medium.ttf */,
				2FBD7FE62C4A65D30031FF8E /* Roboto-Light.ttf */,
				2FBD7FE72C4A65D30031FF8E /* Roboto-Regular.ttf */,
				2FBD7FE82C4A65D30031FF8E /* Roboto-MediumItalic.ttf */,
				2FBD7FE92C4A65D30031FF8E /* Roboto-ThinItalic.ttf */,
				2FBD7FEA2C4A65D30031FF8E /* Roboto-BoldItalic.ttf */,
				2FBD7FEB2C4A65D30031FF8E /* Roboto-LightItalic.ttf */,
				2FBD7FEC2C4A65D30031FF8E /* Roboto-Italic.ttf */,
				2FBD7FED2C4A65D30031FF8E /* LICENSE.txt */,
				2FBD7FEE2C4A65D30031FF8E /* Roboto-BlackItalic.ttf */,
				2FBD7FEF2C4A65D30031FF8E /* Roboto-Bold.ttf */,
				2FBD7FF02C4A65D30031FF8E /* Roboto-Thin.ttf */,
				2FBD7FF12C4A65D30031FF8E /* Roboto-Black.ttf */,
			);
			path = Roboto;
			sourceTree = "<group>";
		};
		2FBD7FFF2C4A6AE70031FF8E /* Components */ = {
			isa = PBXGroup;
			children = (
				2F8BCD992C3FE259004177B5 /* ShareButtons.swift */,
			);
			path = Components;
			sourceTree = "<group>";
		};
		2FBD80002C4A6B120031FF8E /* AcceptFriend */ = {
			isa = PBXGroup;
			children = (
				2FBD80012C4A6B1E0031FF8E /* AcceptFlow.swift */,
				2F8BCD9D2C3FE29F004177B5 /* AcceptView.swift */,
				2FBD80032C4A6B540031FF8E /* SuggestView.swift */,
				2FBD80332C4A7A6F0031FF8E /* NewFriendView.swift */,
			);
			path = AcceptFriend;
			sourceTree = "<group>";
		};
		2FBD80052C4A72990031FF8E /* Roboto_Condensed */ = {
			isa = PBXGroup;
			children = (
				2FBD80062C4A72990031FF8E /* RobotoCondensed-VariableFont_wght.ttf */,
				2FBD80072C4A72990031FF8E /* static */,
				2FBD801A2C4A729A0031FF8E /* RobotoCondensed-Italic-VariableFont_wght.ttf */,
				2FBD801B2C4A729A0031FF8E /* OFL.txt */,
				2FBD801C2C4A729A0031FF8E /* README.txt */,
			);
			path = Roboto_Condensed;
			sourceTree = "<group>";
		};
		2FBD80072C4A72990031FF8E /* static */ = {
			isa = PBXGroup;
			children = (
				2FBD80082C4A72990031FF8E /* RobotoCondensed-Thin.ttf */,
				2FBD80092C4A72990031FF8E /* RobotoCondensed-Bold.ttf */,
				2FBD800A2C4A72990031FF8E /* RobotoCondensed-SemiBoldItalic.ttf */,
				2FBD800B2C4A729A0031FF8E /* RobotoCondensed-Light.ttf */,
				2FBD800C2C4A729A0031FF8E /* RobotoCondensed-ExtraBoldItalic.ttf */,
				2FBD800D2C4A729A0031FF8E /* RobotoCondensed-ThinItalic.ttf */,
				2FBD800E2C4A729A0031FF8E /* RobotoCondensed-ExtraLight.ttf */,
				2FBD800F2C4A729A0031FF8E /* RobotoCondensed-Italic.ttf */,
				2FBD80102C4A729A0031FF8E /* RobotoCondensed-BoldItalic.ttf */,
				2FBD80112C4A729A0031FF8E /* RobotoCondensed-SemiBold.ttf */,
				2FBD80122C4A729A0031FF8E /* RobotoCondensed-Medium.ttf */,
				2FBD80132C4A729A0031FF8E /* RobotoCondensed-LightItalic.ttf */,
				2FBD80142C4A729A0031FF8E /* RobotoCondensed-Regular.ttf */,
				2FBD80152C4A729A0031FF8E /* RobotoCondensed-MediumItalic.ttf */,
				2FBD80162C4A729A0031FF8E /* RobotoCondensed-ExtraLightItalic.ttf */,
				2FBD80172C4A729A0031FF8E /* RobotoCondensed-ExtraBold.ttf */,
				2FBD80182C4A729A0031FF8E /* RobotoCondensed-Black.ttf */,
				2FBD80192C4A729A0031FF8E /* RobotoCondensed-BlackItalic.ttf */,
			);
			path = static;
			sourceTree = "<group>";
		};
/* End PBXGroup section */

/* Begin PBXNativeTarget section */
		2F016E3D2C3D17F900D55038 /* ViewCrew */ = {
			isa = PBXNativeTarget;
			buildConfigurationList = 2F016E512C3D17FA00D55038 /* Build configuration list for PBXNativeTarget "ViewCrew" */;
			buildPhases = (
				2F016E3A2C3D17F900D55038 /* Sources */,
				2F016E3B2C3D17F900D55038 /* Frameworks */,
				2F016E3C2C3D17F900D55038 /* Resources */,
				2F016E6E2C3D181700D55038 /* Embed Foundation Extensions */,
			);
			buildRules = (
			);
			dependencies = (
				2FBD7FD02C48D2620031FF8E /* PBXTargetDependency */,
			);
			name = ViewCrew;
			packageProductDependencies = (
				2F016E7A2C3D19FC00D55038 /* SDWebImageSwiftUI */,
				2F016E812C3D295800D55038 /* FirebaseAuth */,
				2F016E832C3D295800D55038 /* FirebaseFirestore */,
				2F016E852C3D295800D55038 /* FirebaseFunctions */,
				2F016E872C3D295800D55038 /* FirebaseInAppMessaging-Beta */,
				2F016E892C3D295800D55038 /* FirebaseMessaging */,
				2F016E8B2C3D295800D55038 /* FirebaseStorage */,
				2F8BCD862C3DA59C004177B5 /* VTabView */,
			);
			productName = "vitalz-new";
			productReference = 2F016E3E2C3D17F900D55038 /* ViewCrew.app */;
			productType = "com.apple.product-type.application";
		};
		2FBD7FC12C48D2610031FF8E /* StocksWidget2Extension */ = {
			isa = PBXNativeTarget;
			buildConfigurationList = 2FBD7FD22C48D2620031FF8E /* Build configuration list for PBXNativeTarget "StocksWidget2Extension" */;
			buildPhases = (
				2FBD7FBE2C48D2610031FF8E /* Sources */,
				2FBD7FBF2C48D2610031FF8E /* Frameworks */,
				2FBD7FC02C48D2610031FF8E /* Resources */,
			);
			buildRules = (
			);
			dependencies = (
			);
			name = StocksWidget2Extension;
			packageProductDependencies = (
				2FBD7FDF2C492EA30031FF8E /* SDWebImageSwiftUI */,
			);
			productName = StocksWidget2Extension;
			productReference = 2FBD7FC22C48D2610031FF8E /* StocksWidget2Extension.appex */;
			productType = "com.apple.product-type.app-extension";
		};
/* End PBXNativeTarget section */

/* Begin PBXProject section */
		2F016E362C3D17F800D55038 /* Project object */ = {
			isa = PBXProject;
			attributes = {
				BuildIndependentTargetsInParallel = 1;
				LastSwiftUpdateCheck = 1500;
				LastUpgradeCheck = 1500;
				TargetAttributes = {
					2F016E3D2C3D17F900D55038 = {
						CreatedOnToolsVersion = 15.0;
					};
					2FBD7FC12C48D2610031FF8E = {
						CreatedOnToolsVersion = 15.0;
					};
				};
			};
			buildConfigurationList = 2F016E392C3D17F800D55038 /* Build configuration list for PBXProject "ViewCrew" */;
			compatibilityVersion = "Xcode 14.0";
			developmentRegion = en;
			hasScannedForEncodings = 0;
			knownRegions = (
				en,
				Base,
			);
			mainGroup = 2F016E352C3D17F800D55038;
			packageReferences = (
				2F016E772C3D19EF00D55038 /* XCRemoteSwiftPackageReference "SDWebImageSwiftUI" */,
				2F016E802C3D295800D55038 /* XCRemoteSwiftPackageReference "firebase-ios-sdk" */,
				2F8BCD852C3DA59C004177B5 /* XCRemoteSwiftPackageReference "swiftui-vertical-tab-view" */,
			);
			productRefGroup = 2F016E3F2C3D17F900D55038 /* Products */;
			projectDirPath = "";
			projectRoot = "";
			targets = (
				2F016E3D2C3D17F900D55038 /* ViewCrew */,
				2FBD7FC12C48D2610031FF8E /* StocksWidget2Extension */,
			);
		};
/* End PBXProject section */

/* Begin PBXResourcesBuildPhase section */
		2F016E3C2C3D17F900D55038 /* Resources */ = {
			isa = PBXResourcesBuildPhase;
			buildActionMask = 2147483647;
			files = (
				2FBD80282C4A729A0031FF8E /* RobotoCondensed-Medium.ttf in Resources */,
				2FBD80262C4A729A0031FF8E /* RobotoCondensed-BoldItalic.ttf in Resources */,
				2FBD801F2C4A729A0031FF8E /* RobotoCondensed-Bold.ttf in Resources */,
				2FBD7FFC2C4A65D30031FF8E /* Roboto-Bold.ttf in Resources */,
				2FBD7FFA2C4A65D30031FF8E /* LICENSE.txt in Resources */,
				2FBD80242C4A729A0031FF8E /* RobotoCondensed-ExtraLight.ttf in Resources */,
				2FBD7FF72C4A65D30031FF8E /* Roboto-BoldItalic.ttf in Resources */,
				2FBD80212C4A729A0031FF8E /* RobotoCondensed-Light.ttf in Resources */,
				2FBD80292C4A729A0031FF8E /* RobotoCondensed-LightItalic.ttf in Resources */,
				2FBD7FF42C4A65D30031FF8E /* Roboto-Regular.ttf in Resources */,
				2FBD7FF82C4A65D30031FF8E /* Roboto-LightItalic.ttf in Resources */,
				2FBD80272C4A729A0031FF8E /* RobotoCondensed-SemiBold.ttf in Resources */,
				2FBD801D2C4A729A0031FF8E /* RobotoCondensed-VariableFont_wght.ttf in Resources */,
				2FBD80252C4A729A0031FF8E /* RobotoCondensed-Italic.ttf in Resources */,
				2FBD7FF22C4A65D30031FF8E /* Roboto-Medium.ttf in Resources */,
				2F016E492C3D17FA00D55038 /* Preview Assets.xcassets in Resources */,
				2FBD80322C4A729A0031FF8E /* README.txt in Resources */,
				2FBD802B2C4A729A0031FF8E /* RobotoCondensed-MediumItalic.ttf in Resources */,
				2FBD7FFB2C4A65D30031FF8E /* Roboto-BlackItalic.ttf in Resources */,
				2FBD80302C4A729A0031FF8E /* RobotoCondensed-Italic-VariableFont_wght.ttf in Resources */,
				2FBD80222C4A729A0031FF8E /* RobotoCondensed-ExtraBoldItalic.ttf in Resources */,
				2FBD802F2C4A729A0031FF8E /* RobotoCondensed-BlackItalic.ttf in Resources */,
				2FBD802A2C4A729A0031FF8E /* RobotoCondensed-Regular.ttf in Resources */,
				2FBD7FFD2C4A65D30031FF8E /* Roboto-Thin.ttf in Resources */,
				2FBD7FF32C4A65D30031FF8E /* Roboto-Light.ttf in Resources */,
				2FBD80202C4A729A0031FF8E /* RobotoCondensed-SemiBoldItalic.ttf in Resources */,
				2FBD802C2C4A729A0031FF8E /* RobotoCondensed-ExtraLightItalic.ttf in Resources */,
				2FBD80312C4A729A0031FF8E /* OFL.txt in Resources */,
				2FBD7FF62C4A65D30031FF8E /* Roboto-ThinItalic.ttf in Resources */,
				2FBD7FFE2C4A65D30031FF8E /* Roboto-Black.ttf in Resources */,
				2FBD802D2C4A729A0031FF8E /* RobotoCondensed-ExtraBold.ttf in Resources */,
				2FBD7FF52C4A65D30031FF8E /* Roboto-MediumItalic.ttf in Resources */,
				2FBD801E2C4A729A0031FF8E /* RobotoCondensed-Thin.ttf in Resources */,
				2FBD802E2C4A729A0031FF8E /* RobotoCondensed-Black.ttf in Resources */,
				2F016E7F2C3D280300D55038 /* GoogleService-Info.plist in Resources */,
				2FBD80232C4A729A0031FF8E /* RobotoCondensed-ThinItalic.ttf in Resources */,
				2FBD7FF92C4A65D30031FF8E /* Roboto-Italic.ttf in Resources */,
				2F016E462C3D17FA00D55038 /* Assets.xcassets in Resources */,
			);
			runOnlyForDeploymentPostprocessing = 0;
		};
		2FBD7FC02C48D2610031FF8E /* Resources */ = {
			isa = PBXResourcesBuildPhase;
			buildActionMask = 2147483647;
			files = (
				2FBD7FCD2C48D2620031FF8E /* Assets.xcassets in Resources */,
			);
			runOnlyForDeploymentPostprocessing = 0;
		};
/* End PBXResourcesBuildPhase section */

/* Begin PBXSourcesBuildPhase section */
		2F016E3A2C3D17F900D55038 /* Sources */ = {
			isa = PBXSourcesBuildPhase;
			buildActionMask = 2147483647;
			files = (
				2FBD80342C4A7A6F0031FF8E /* NewFriendView.swift in Sources */,
				2F8BCD8D2C3FCF93004177B5 /* AppColors.swift in Sources */,
				2F016E8E2C3D353B00D55038 /* FeedView.swift in Sources */,
				2F8BCD982C3FE210004177B5 /* FriendsViewModel.swift in Sources */,
				2F8BCDB52C44F2FE004177B5 /* KoodosViewModel.swift in Sources */,
				2F8BCD9A2C3FE259004177B5 /* ShareButtons.swift in Sources */,
				2F8BCDB32C44F2DE004177B5 /* WebViewNetflixSignIn.swift in Sources */,
				2F016E442C3D17F900D55038 /* ProfileView.swift in Sources */,
				2FBD80042C4A6B540031FF8E /* SuggestView.swift in Sources */,
				2F8BCDBC2C44F7E7004177B5 /* ProfileImagePicker.swift in Sources */,
				2F8BCDB82C44F38D004177B5 /* LoginMaster.swift in Sources */,
				2F8BCDA32C3FE4E7004177B5 /* FirebaseNotificationGenerator.swift in Sources */,
				2F8BCD902C3FD14B004177B5 /* ProfileViewModel.swift in Sources */,
				2FBD7F8B2C47A0500031FF8E /* EmojiShowerEffect.swift in Sources */,
				2F016E4E2C3D17FA00D55038 /* vitalz_new.xcdatamodeld in Sources */,
				2F8BCD892C3DA9BC004177B5 /* EmojiScroll.swift in Sources */,
				2F8BCDC02C44F93D004177B5 /* LoginViewModel.swift in Sources */,
				2F8BCDA52C3FFE4D004177B5 /* FriendProfilesList.swift in Sources */,
				2F8BCD942C3FE16B004177B5 /* AuthViewModel.swift in Sources */,
				2F8BCDC92C45FF9D004177B5 /* ProfileOptionsViewModel.swift in Sources */,
				2FBD7F882C4794980031FF8E /* PostDataModel.swift in Sources */,
				2F8BCDC42C45FF4B004177B5 /* FeedViewModel.swift in Sources */,
				2FBD7FE22C4A65090031FF8E /* FontExtensions.swift in Sources */,
				2FBD80022C4A6B1E0031FF8E /* AcceptFlow.swift in Sources */,
				2F8BCDB12C44E9AA004177B5 /* NetflixLogin.swift in Sources */,
				2FBD7F862C476F5D0031FF8E /* ContactUploadViewModel.swift in Sources */,
				2F8BCD8B2C3DA9F0004177B5 /* HapticFeedbackGenerator.swift in Sources */,
				2F8BCDA02C3FE349004177B5 /* LoginHaptics.swift in Sources */,
				2F016E422C3D17F900D55038 /* App.swift in Sources */,
				2F8BCDC22C44FA4B004177B5 /* FirebaseUserModel.swift in Sources */,
				2F8BCDA72C3FFE91004177B5 /* SuggestedProfilesList.swift in Sources */,
				2F8BCDC72C45FF95004177B5 /* ProfileOptions.swift in Sources */,
				2F8BCDBE2C44F80E004177B5 /* ProfileCreationView.swift in Sources */,
				2F8BCD9E2C3FE29F004177B5 /* AcceptView.swift in Sources */,
				2FBD7F8D2C47CEB10031FF8E /* FriendsView.swift in Sources */,
				2F016E7D2C3D27A200D55038 /* AuthView.swift in Sources */,
			);
			runOnlyForDeploymentPostprocessing = 0;
		};
		2FBD7FBE2C48D2610031FF8E /* Sources */ = {
			isa = PBXSourcesBuildPhase;
			buildActionMask = 2147483647;
			files = (
				2FBD7FDD2C4920750031FF8E /* WidgetView.swift in Sources */,
				2FBD7FDB2C49205C0031FF8E /* Entry.swift in Sources */,
				2FBD7FC72C48D2610031FF8E /* WidgetBundle.swift in Sources */,
				2FBD7FDE2C4921BB0031FF8E /* PostDataModel.swift in Sources */,
				2FBD7FC92C48D2610031FF8E /* Widget.swift in Sources */,
				2FBD7FCB2C48D2610031FF8E /* AppIntent.swift in Sources */,
				2FBD7FD92C4920310031FF8E /* TimelineProv.swift in Sources */,
			);
			runOnlyForDeploymentPostprocessing = 0;
		};
/* End PBXSourcesBuildPhase section */

/* Begin PBXTargetDependency section */
		2FBD7FD02C48D2620031FF8E /* PBXTargetDependency */ = {
			isa = PBXTargetDependency;
			target = 2FBD7FC12C48D2610031FF8E /* StocksWidget2Extension */;
			targetProxy = 2FBD7FCF2C48D2620031FF8E /* PBXContainerItemProxy */;
		};
/* End PBXTargetDependency section */

/* Begin XCBuildConfiguration section */
		2F016E4F2C3D17FA00D55038 /* Debug */ = {
			isa = XCBuildConfiguration;
			buildSettings = {
				ALWAYS_SEARCH_USER_PATHS = NO;
				ASSETCATALOG_COMPILER_GENERATE_SWIFT_ASSET_SYMBOL_EXTENSIONS = YES;
				CLANG_ANALYZER_NONNULL = YES;
				CLANG_ANALYZER_NUMBER_OBJECT_CONVERSION = YES_AGGRESSIVE;
				CLANG_CXX_LANGUAGE_STANDARD = "gnu++20";
				CLANG_ENABLE_MODULES = YES;
				CLANG_ENABLE_OBJC_ARC = YES;
				CLANG_ENABLE_OBJC_WEAK = YES;
				CLANG_WARN_BLOCK_CAPTURE_AUTORELEASING = YES;
				CLANG_WARN_BOOL_CONVERSION = YES;
				CLANG_WARN_COMMA = YES;
				CLANG_WARN_CONSTANT_CONVERSION = YES;
				CLANG_WARN_DEPRECATED_OBJC_IMPLEMENTATIONS = YES;
				CLANG_WARN_DIRECT_OBJC_ISA_USAGE = YES_ERROR;
				CLANG_WARN_DOCUMENTATION_COMMENTS = YES;
				CLANG_WARN_EMPTY_BODY = YES;
				CLANG_WARN_ENUM_CONVERSION = YES;
				CLANG_WARN_INFINITE_RECURSION = YES;
				CLANG_WARN_INT_CONVERSION = YES;
				CLANG_WARN_NON_LITERAL_NULL_CONVERSION = YES;
				CLANG_WARN_OBJC_IMPLICIT_RETAIN_SELF = YES;
				CLANG_WARN_OBJC_LITERAL_CONVERSION = YES;
				CLANG_WARN_OBJC_ROOT_CLASS = YES_ERROR;
				CLANG_WARN_QUOTED_INCLUDE_IN_FRAMEWORK_HEADER = YES;
				CLANG_WARN_RANGE_LOOP_ANALYSIS = YES;
				CLANG_WARN_STRICT_PROTOTYPES = YES;
				CLANG_WARN_SUSPICIOUS_MOVE = YES;
				CLANG_WARN_UNGUARDED_AVAILABILITY = YES_AGGRESSIVE;
				CLANG_WARN_UNREACHABLE_CODE = YES;
				CLANG_WARN__DUPLICATE_METHOD_MATCH = YES;
				COPY_PHASE_STRIP = NO;
				DEBUG_INFORMATION_FORMAT = dwarf;
				ENABLE_STRICT_OBJC_MSGSEND = YES;
				ENABLE_TESTABILITY = YES;
				ENABLE_USER_SCRIPT_SANDBOXING = YES;
				GCC_C_LANGUAGE_STANDARD = gnu17;
				GCC_DYNAMIC_NO_PIC = NO;
				GCC_NO_COMMON_BLOCKS = YES;
				GCC_OPTIMIZATION_LEVEL = 0;
				GCC_PREPROCESSOR_DEFINITIONS = (
					"DEBUG=1",
					"$(inherited)",
				);
				GCC_WARN_64_TO_32_BIT_CONVERSION = YES;
				GCC_WARN_ABOUT_RETURN_TYPE = YES_ERROR;
				GCC_WARN_UNDECLARED_SELECTOR = YES;
				GCC_WARN_UNINITIALIZED_AUTOS = YES_AGGRESSIVE;
				GCC_WARN_UNUSED_FUNCTION = YES;
				GCC_WARN_UNUSED_VARIABLE = YES;
				IPHONEOS_DEPLOYMENT_TARGET = 17.0;
				LOCALIZATION_PREFERS_STRING_CATALOGS = YES;
				MTL_ENABLE_DEBUG_INFO = INCLUDE_SOURCE;
				MTL_FAST_MATH = YES;
				ONLY_ACTIVE_ARCH = YES;
				SDKROOT = iphoneos;
				SWIFT_ACTIVE_COMPILATION_CONDITIONS = "DEBUG $(inherited)";
				SWIFT_OPTIMIZATION_LEVEL = "-Onone";
			};
			name = Debug;
		};
		2F016E502C3D17FA00D55038 /* Release */ = {
			isa = XCBuildConfiguration;
			buildSettings = {
				ALWAYS_SEARCH_USER_PATHS = NO;
				ASSETCATALOG_COMPILER_GENERATE_SWIFT_ASSET_SYMBOL_EXTENSIONS = YES;
				CLANG_ANALYZER_NONNULL = YES;
				CLANG_ANALYZER_NUMBER_OBJECT_CONVERSION = YES_AGGRESSIVE;
				CLANG_CXX_LANGUAGE_STANDARD = "gnu++20";
				CLANG_ENABLE_MODULES = YES;
				CLANG_ENABLE_OBJC_ARC = YES;
				CLANG_ENABLE_OBJC_WEAK = YES;
				CLANG_WARN_BLOCK_CAPTURE_AUTORELEASING = YES;
				CLANG_WARN_BOOL_CONVERSION = YES;
				CLANG_WARN_COMMA = YES;
				CLANG_WARN_CONSTANT_CONVERSION = YES;
				CLANG_WARN_DEPRECATED_OBJC_IMPLEMENTATIONS = YES;
				CLANG_WARN_DIRECT_OBJC_ISA_USAGE = YES_ERROR;
				CLANG_WARN_DOCUMENTATION_COMMENTS = YES;
				CLANG_WARN_EMPTY_BODY = YES;
				CLANG_WARN_ENUM_CONVERSION = YES;
				CLANG_WARN_INFINITE_RECURSION = YES;
				CLANG_WARN_INT_CONVERSION = YES;
				CLANG_WARN_NON_LITERAL_NULL_CONVERSION = YES;
				CLANG_WARN_OBJC_IMPLICIT_RETAIN_SELF = YES;
				CLANG_WARN_OBJC_LITERAL_CONVERSION = YES;
				CLANG_WARN_OBJC_ROOT_CLASS = YES_ERROR;
				CLANG_WARN_QUOTED_INCLUDE_IN_FRAMEWORK_HEADER = YES;
				CLANG_WARN_RANGE_LOOP_ANALYSIS = YES;
				CLANG_WARN_STRICT_PROTOTYPES = YES;
				CLANG_WARN_SUSPICIOUS_MOVE = YES;
				CLANG_WARN_UNGUARDED_AVAILABILITY = YES_AGGRESSIVE;
				CLANG_WARN_UNREACHABLE_CODE = YES;
				CLANG_WARN__DUPLICATE_METHOD_MATCH = YES;
				COPY_PHASE_STRIP = NO;
				DEBUG_INFORMATION_FORMAT = "dwarf-with-dsym";
				ENABLE_NS_ASSERTIONS = NO;
				ENABLE_STRICT_OBJC_MSGSEND = YES;
				ENABLE_USER_SCRIPT_SANDBOXING = YES;
				GCC_C_LANGUAGE_STANDARD = gnu17;
				GCC_NO_COMMON_BLOCKS = YES;
				GCC_WARN_64_TO_32_BIT_CONVERSION = YES;
				GCC_WARN_ABOUT_RETURN_TYPE = YES_ERROR;
				GCC_WARN_UNDECLARED_SELECTOR = YES;
				GCC_WARN_UNINITIALIZED_AUTOS = YES_AGGRESSIVE;
				GCC_WARN_UNUSED_FUNCTION = YES;
				GCC_WARN_UNUSED_VARIABLE = YES;
				IPHONEOS_DEPLOYMENT_TARGET = 17.0;
				LOCALIZATION_PREFERS_STRING_CATALOGS = YES;
				MTL_ENABLE_DEBUG_INFO = NO;
				MTL_FAST_MATH = YES;
				SDKROOT = iphoneos;
				SWIFT_COMPILATION_MODE = wholemodule;
				VALIDATE_PRODUCT = YES;
			};
			name = Release;
		};
		2F016E522C3D17FA00D55038 /* Debug */ = {
			isa = XCBuildConfiguration;
			buildSettings = {
				ALWAYS_EMBED_SWIFT_STANDARD_LIBRARIES = YES;
				ASSETCATALOG_COMPILER_APPICON_NAME = AppIcon;
				ASSETCATALOG_COMPILER_GLOBAL_ACCENT_COLOR_NAME = AccentColor;
				CODE_SIGN_STYLE = Automatic;
				CURRENT_PROJECT_VERSION = 1;
				DEVELOPMENT_ASSET_PATHS = "\"vitalz-new/Preview Content\"";
				DEVELOPMENT_TEAM = 5A345X4X73;
				ENABLE_PREVIEWS = YES;
				GENERATE_INFOPLIST_FILE = YES;
				INFOPLIST_FILE = "vitalz-new/Info.plist";
				INFOPLIST_KEY_LSApplicationCategoryType = "";
				INFOPLIST_KEY_NSContactsUsageDescription = "Vitals needs access to your contacts to help you find friends";
				INFOPLIST_KEY_UIApplicationSceneManifest_Generation = YES;
				INFOPLIST_KEY_UIApplicationSupportsIndirectInputEvents = YES;
				INFOPLIST_KEY_UILaunchScreen_Generation = YES;
				INFOPLIST_KEY_UISupportedInterfaceOrientations_iPad = UIInterfaceOrientationPortrait;
				LD_RUNPATH_SEARCH_PATHS = (
					"$(inherited)",
					"@executable_path/Frameworks",
				);
				MARKETING_VERSION = 1.0;
				PRODUCT_BUNDLE_IDENTIFIER = "com.zane.vitalz-new";
				PRODUCT_NAME = "$(TARGET_NAME)";
				SWIFT_EMIT_LOC_STRINGS = YES;
				SWIFT_VERSION = 5.0;
				TARGETED_DEVICE_FAMILY = "1,2";
			};
			name = Debug;
		};
		2F016E532C3D17FA00D55038 /* Release */ = {
			isa = XCBuildConfiguration;
			buildSettings = {
				ALWAYS_EMBED_SWIFT_STANDARD_LIBRARIES = YES;
				ASSETCATALOG_COMPILER_APPICON_NAME = AppIcon;
				ASSETCATALOG_COMPILER_GLOBAL_ACCENT_COLOR_NAME = AccentColor;
				CODE_SIGN_STYLE = Automatic;
				CURRENT_PROJECT_VERSION = 1;
				DEVELOPMENT_ASSET_PATHS = "\"vitalz-new/Preview Content\"";
				DEVELOPMENT_TEAM = 5A345X4X73;
				ENABLE_PREVIEWS = YES;
				GENERATE_INFOPLIST_FILE = YES;
				INFOPLIST_FILE = "vitalz-new/Info.plist";
				INFOPLIST_KEY_LSApplicationCategoryType = "";
				INFOPLIST_KEY_NSContactsUsageDescription = "Vitals needs access to your contacts to help you find friends";
				INFOPLIST_KEY_UIApplicationSceneManifest_Generation = YES;
				INFOPLIST_KEY_UIApplicationSupportsIndirectInputEvents = YES;
				INFOPLIST_KEY_UILaunchScreen_Generation = YES;
				INFOPLIST_KEY_UISupportedInterfaceOrientations_iPad = UIInterfaceOrientationPortrait;
				LD_RUNPATH_SEARCH_PATHS = (
					"$(inherited)",
					"@executable_path/Frameworks",
				);
				MARKETING_VERSION = 1.0;
				PRODUCT_BUNDLE_IDENTIFIER = "com.zane.vitalz-new";
				PRODUCT_NAME = "$(TARGET_NAME)";
				SWIFT_EMIT_LOC_STRINGS = YES;
				SWIFT_VERSION = 5.0;
				TARGETED_DEVICE_FAMILY = "1,2";
			};
			name = Release;
		};
		2FBD7FD32C48D2620031FF8E /* Debug */ = {
			isa = XCBuildConfiguration;
			buildSettings = {
				ASSETCATALOG_COMPILER_GLOBAL_ACCENT_COLOR_NAME = AccentColor;
				ASSETCATALOG_COMPILER_WIDGET_BACKGROUND_COLOR_NAME = WidgetBackground;
				CODE_SIGN_STYLE = Automatic;
				CURRENT_PROJECT_VERSION = 1;
				DEVELOPMENT_TEAM = 5A345X4X73;
				GENERATE_INFOPLIST_FILE = YES;
				INFOPLIST_FILE = StocksWidget2/Info.plist;
				INFOPLIST_KEY_CFBundleDisplayName = StocksWidget2;
				INFOPLIST_KEY_NSHumanReadableCopyright = "";
				LD_RUNPATH_SEARCH_PATHS = (
					"$(inherited)",
					"@executable_path/Frameworks",
					"@executable_path/../../Frameworks",
				);
				MARKETING_VERSION = 1.0;
				PRODUCT_BUNDLE_IDENTIFIER = "com.zane.vitalz-new.StocksWidget2";
				PRODUCT_NAME = "$(TARGET_NAME)";
				SKIP_INSTALL = YES;
				SWIFT_EMIT_LOC_STRINGS = YES;
				SWIFT_VERSION = 5.0;
				TARGETED_DEVICE_FAMILY = "1,2";
			};
			name = Debug;
		};
		2FBD7FD42C48D2620031FF8E /* Release */ = {
			isa = XCBuildConfiguration;
			buildSettings = {
				ASSETCATALOG_COMPILER_GLOBAL_ACCENT_COLOR_NAME = AccentColor;
				ASSETCATALOG_COMPILER_WIDGET_BACKGROUND_COLOR_NAME = WidgetBackground;
				CODE_SIGN_STYLE = Automatic;
				CURRENT_PROJECT_VERSION = 1;
				DEVELOPMENT_TEAM = 5A345X4X73;
				GENERATE_INFOPLIST_FILE = YES;
				INFOPLIST_FILE = StocksWidget2/Info.plist;
				INFOPLIST_KEY_CFBundleDisplayName = StocksWidget2;
				INFOPLIST_KEY_NSHumanReadableCopyright = "";
				LD_RUNPATH_SEARCH_PATHS = (
					"$(inherited)",
					"@executable_path/Frameworks",
					"@executable_path/../../Frameworks",
				);
				MARKETING_VERSION = 1.0;
				PRODUCT_BUNDLE_IDENTIFIER = "com.zane.vitalz-new.StocksWidget2";
				PRODUCT_NAME = "$(TARGET_NAME)";
				SKIP_INSTALL = YES;
				SWIFT_EMIT_LOC_STRINGS = YES;
				SWIFT_VERSION = 5.0;
				TARGETED_DEVICE_FAMILY = "1,2";
			};
			name = Release;
		};
/* End XCBuildConfiguration section */

/* Begin XCConfigurationList section */
		2F016E392C3D17F800D55038 /* Build configuration list for PBXProject "ViewCrew" */ = {
			isa = XCConfigurationList;
			buildConfigurations = (
				2F016E4F2C3D17FA00D55038 /* Debug */,
				2F016E502C3D17FA00D55038 /* Release */,
			);
			defaultConfigurationIsVisible = 0;
			defaultConfigurationName = Release;
		};
		2F016E512C3D17FA00D55038 /* Build configuration list for PBXNativeTarget "ViewCrew" */ = {
			isa = XCConfigurationList;
			buildConfigurations = (
				2F016E522C3D17FA00D55038 /* Debug */,
				2F016E532C3D17FA00D55038 /* Release */,
			);
			defaultConfigurationIsVisible = 0;
			defaultConfigurationName = Release;
		};
		2FBD7FD22C48D2620031FF8E /* Build configuration list for PBXNativeTarget "StocksWidget2Extension" */ = {
			isa = XCConfigurationList;
			buildConfigurations = (
				2FBD7FD32C48D2620031FF8E /* Debug */,
				2FBD7FD42C48D2620031FF8E /* Release */,
			);
			defaultConfigurationIsVisible = 0;
			defaultConfigurationName = Release;
		};
/* End XCConfigurationList section */

/* Begin XCRemoteSwiftPackageReference section */
		2F016E772C3D19EF00D55038 /* XCRemoteSwiftPackageReference "SDWebImageSwiftUI" */ = {
			isa = XCRemoteSwiftPackageReference;
			repositoryURL = "https://github.com/SDWebImage/SDWebImageSwiftUI.git";
			requirement = {
				kind = upToNextMajorVersion;
				minimumVersion = 3.1.1;
			};
		};
		2F016E802C3D295800D55038 /* XCRemoteSwiftPackageReference "firebase-ios-sdk" */ = {
			isa = XCRemoteSwiftPackageReference;
			repositoryURL = "https://github.com/firebase/firebase-ios-sdk";
			requirement = {
				kind = upToNextMajorVersion;
				minimumVersion = 10.29.0;
			};
		};
		2F8BCD852C3DA59C004177B5 /* XCRemoteSwiftPackageReference "swiftui-vertical-tab-view" */ = {
			isa = XCRemoteSwiftPackageReference;
			repositoryURL = "https://github.com/lorenzofiamingo/swiftui-vertical-tab-view.git";
			requirement = {
				kind = upToNextMajorVersion;
				minimumVersion = 2.0.0;
			};
		};
/* End XCRemoteSwiftPackageReference section */

/* Begin XCSwiftPackageProductDependency section */
		2F016E7A2C3D19FC00D55038 /* SDWebImageSwiftUI */ = {
			isa = XCSwiftPackageProductDependency;
			package = 2F016E772C3D19EF00D55038 /* XCRemoteSwiftPackageReference "SDWebImageSwiftUI" */;
			productName = SDWebImageSwiftUI;
		};
		2F016E812C3D295800D55038 /* FirebaseAuth */ = {
			isa = XCSwiftPackageProductDependency;
			package = 2F016E802C3D295800D55038 /* XCRemoteSwiftPackageReference "firebase-ios-sdk" */;
			productName = FirebaseAuth;
		};
		2F016E832C3D295800D55038 /* FirebaseFirestore */ = {
			isa = XCSwiftPackageProductDependency;
			package = 2F016E802C3D295800D55038 /* XCRemoteSwiftPackageReference "firebase-ios-sdk" */;
			productName = FirebaseFirestore;
		};
		2F016E852C3D295800D55038 /* FirebaseFunctions */ = {
			isa = XCSwiftPackageProductDependency;
			package = 2F016E802C3D295800D55038 /* XCRemoteSwiftPackageReference "firebase-ios-sdk" */;
			productName = FirebaseFunctions;
		};
		2F016E872C3D295800D55038 /* FirebaseInAppMessaging-Beta */ = {
			isa = XCSwiftPackageProductDependency;
			package = 2F016E802C3D295800D55038 /* XCRemoteSwiftPackageReference "firebase-ios-sdk" */;
			productName = "FirebaseInAppMessaging-Beta";
		};
		2F016E892C3D295800D55038 /* FirebaseMessaging */ = {
			isa = XCSwiftPackageProductDependency;
			package = 2F016E802C3D295800D55038 /* XCRemoteSwiftPackageReference "firebase-ios-sdk" */;
			productName = FirebaseMessaging;
		};
		2F016E8B2C3D295800D55038 /* FirebaseStorage */ = {
			isa = XCSwiftPackageProductDependency;
			package = 2F016E802C3D295800D55038 /* XCRemoteSwiftPackageReference "firebase-ios-sdk" */;
			productName = FirebaseStorage;
		};
		2F8BCD862C3DA59C004177B5 /* VTabView */ = {
			isa = XCSwiftPackageProductDependency;
			package = 2F8BCD852C3DA59C004177B5 /* XCRemoteSwiftPackageReference "swiftui-vertical-tab-view" */;
			productName = VTabView;
		};
		2FBD7FDF2C492EA30031FF8E /* SDWebImageSwiftUI */ = {
			isa = XCSwiftPackageProductDependency;
			package = 2F016E772C3D19EF00D55038 /* XCRemoteSwiftPackageReference "SDWebImageSwiftUI" */;
			productName = SDWebImageSwiftUI;
		};
/* End XCSwiftPackageProductDependency section */

/* Begin XCVersionGroup section */
		2F016E4C2C3D17FA00D55038 /* vitalz_new.xcdatamodeld */ = {
			isa = XCVersionGroup;
			children = (
				2F016E4D2C3D17FA00D55038 /* vitalz_new.xcdatamodel */,
			);
			currentVersion = 2F016E4D2C3D17FA00D55038 /* vitalz_new.xcdatamodel */;
			path = vitalz_new.xcdatamodeld;
			sourceTree = "<group>";
			versionGroupType = wrapper.xcdatamodel;
		};
/* End XCVersionGroup section */
	};
	rootObject = 2F016E362C3D17F800D55038 /* Project object */;
}
