<?xml version="1.0" encoding="UTF-8"?>
<Scheme
   LastUpgradeVersion = "1500"
   version = "1.7">
   <BuildAction
      parallelizeBuildables = "YES"
      buildImplicitDependencies = "YES">
      <BuildActionEntries>
         <BuildActionEntry
            buildForTesting = "YES"
            buildForRunning = "YES"
            buildForProfiling = "YES"
            buildForArchiving = "YES"
            buildForAnalyzing = "YES">
            <BuildableReference
               BuildableIdentifier = "primary"
               BlueprintIdentifier = "2F016E3D2C3D17F900D55038"
               BuildableName = "vitalz-new.app"
               BlueprintName = "vitalz-new"
               ReferencedContainer = "container:vitalz-new.xcodeproj">
            </BuildableReference>
         </BuildActionEntry>
      </BuildActionEntries>
   </BuildAction>
   <TestAction
      buildConfiguration = "Debug"
      selectedDebuggerIdentifier = "Xcode.DebuggerFoundation.Debugger.LLDB"
      selectedLauncherIdentifier = "Xcode.DebuggerFoundation.Launcher.LLDB"
      shouldUseLaunchSchemeArgsEnv = "YES"
      shouldAutocreateTestPlan = "YES">
   </TestAction>
   <LaunchAction
      buildConfiguration = "Debug"
      selectedDebuggerIdentifier = "Xcode.DebuggerFoundation.Debugger.LLDB"
      selectedLauncherIdentifier = "Xcode.DebuggerFoundation.Launcher.LLDB"
      launchStyle = "0"
      useCustomWorkingDirectory = "NO"
      ignoresPersistentStateOnLaunch = "NO"
      debugDocumentVersioning = "YES"
      debugServiceExtension = "internal"
      allowLocationSimulation = "YES">
      <BuildableProductRunnable
         runnableDebuggingMode = "0">
         <BuildableReference
            BuildableIdentifier = "primary"
            BlueprintIdentifier = "2F016E3D2C3D17F900D55038"
            BuildableName = "vitalz-new.app"
            BlueprintName = "vitalz-new"
            ReferencedContainer = "container:vitalz-new.xcodeproj">
         </BuildableReference>
      </BuildableProductRunnable>
      <EnvironmentVariables>
         <EnvironmentVariable
            key = "PRELUDE_CUSTOMER_UUID"
            value = "8178c751-c838-42fd-b2c9-a86671fefe27"
            isEnabled = "YES">
         </EnvironmentVariable>
         <EnvironmentVariable
            key = "PRELUDE_AUTH_UUID"
            value = "3c90c3cc-0d44-4b50-8888-8dd25736052a"
            isEnabled = "YES">
         </EnvironmentVariable>
         <EnvironmentVariable
            key = "PRELUDE_X_API"
            value = "Ta2lRo5C0K2JABXpMWJRi80LSOpGZcnW5QbxqJT2"
            isEnabled = "YES">
         </EnvironmentVariable>
         <EnvironmentVariable
            key = "DATA_MOVER_API_KEY"
            value = "51262ab7-428e-4473-aa6e-41993c9f99c3"
            isEnabled = "YES">
         </EnvironmentVariable>
      </EnvironmentVariables>
   </LaunchAction>
   <ProfileAction
      buildConfiguration = "Release"
      shouldUseLaunchSchemeArgsEnv = "YES"
      savedToolIdentifier = ""
      useCustomWorkingDirectory = "NO"
      debugDocumentVersioning = "YES">
      <BuildableProductRunnable
         runnableDebuggingMode = "0">
         <BuildableReference
            BuildableIdentifier = "primary"
            BlueprintIdentifier = "2F016E3D2C3D17F900D55038"
            BuildableName = "vitalz-new.app"
            BlueprintName = "vitalz-new"
            ReferencedContainer = "container:vitalz-new.xcodeproj">
         </BuildableReference>
      </BuildableProductRunnable>
   </ProfileAction>
   <AnalyzeAction
      buildConfiguration = "Debug">
   </AnalyzeAction>
   <ArchiveAction
      buildConfiguration = "Release"
      revealArchiveInOrganizer = "YES">
   </ArchiveAction>
</Scheme>
